
Microsoft Visual Studio Solution File, Format Version 12.00
# Visual Studio Version 16
VisualStudioVersion = 16.0.31129.286
MinimumVisualStudioVersion = 10.0.40219.1
Project("{FAE04EC0-301F-11D3-BF4B-00C04F79EFBC}") = "Shaxmati", "Shaxmati\Shaxmati.csproj", "{63DF172B-EC9F-4E11-A498-C8ED2D5480C0}"
EndProject
Global
	GlobalSection(SolutionConfigurationPlatforms) = preSolution
		Debug|Any CPU = Debug|Any CPU
		Release|Any CPU = Release|Any CPU
	EndGlobalSection
	GlobalSection(ProjectConfigurationPlatforms) = postSolution
		{63DF172B-EC9F-4E11-A498-C8ED2D5480C0}.Debug|Any CPU.ActiveCfg = Debug|Any CPU
		{63DF172B-EC9F-4E11-A498-C8ED2D5480C0}.Debug|Any CPU.Build.0 = Debug|Any CPU
		{63DF172B-EC9F-4E11-A498-C8ED2D5480C0}.Release|Any CPU.ActiveCfg = Release|Any CPU
		{63DF172B-EC9F-4E11-A498-C8ED2D5480C0}.Release|Any CPU.Build.0 = Release|Any CPU
	EndGlobalSection
	GlobalSection(SolutionProperties) = preSolution
		HideSolutionNode = FALSE
	EndGlobalSection
	GlobalSection(ExtensibilityGlobals) = postSolution
		SolutionGuid = {F1674EBE-5518-4FAE-B66E-CA038799DC9A}
	EndGlobalSection
EndGlobal
